{
  "name": "dsc",
  "version": "1.0.0",
  "lockfileVersion": 1,
  "requires": true,
  "dependencies": {
    "fast-deep-equal": {
      "version": "2.0.1",
      "resolved": "https://registry.npm.taobao.org/fast-deep-equal/download/fast-deep-equal-2.0.1.tgz",
      "integrity": "sha1-ewUhjd+WZ79/Nwv3/bLLFf3Qqkk="
    },
    "miniprogram-computed": {
      "version": "file:node_modules/miniprogram-computed",
      "requires": {
        "fast-deep-equal": "^2.0.1",
        "rfdc": "^1.1.4"
      }
    },
    "rfdc": {
      "version": "1.1.4",
      "resolved": "https://registry.npm.taobao.org/rfdc/download/rfdc-1.1.4.tgz",
      "integrity": "sha1-unLME2egzNnPgahws7WL060H+MI="
    },
    "vant-weapp": {
      "version": "0.5.28",
      "resolved": "https://registry.npm.taobao.org/vant-weapp/download/vant-weapp-0.5.28.tgz",
      "integrity": "sha512-GAJ2PTLuhXHWpAD5B7DdRQdkEFMdjdduuMzKkThUjIiQ63ESnaJvIEUbW3RgiUNNV7PYXwhOFOd6woR/JsTFLA=="
    },
    "wxapp-computed": {
      "version": "1.0.2",
      "resolved": "https://registry.npm.taobao.org/wxapp-computed/download/wxapp-computed-1.0.2.tgz",
      "integrity": "sha1-893jwNQSmbX1TvMWplf+xiZlRIs="
    }
  }
}
